
Microsoft Visual Studio Solution File, Format Version 12.00
# Visual Studio Version 17
VisualStudioVersion = 17.5.33530.505
MinimumVisualStudioVersion = 10.0.40219.1
Project("{9A19103F-16F7-4668-BE54-9A1E7A4F7556}") = "BerldPokerLibrary", "BerldPokerLibrary\BerldPokerLibrary.csproj", "{C7D172AA-F30B-4234-BB38-27C3CC212F1C}"
EndProject
Project("{9A19103F-16F7-4668-BE54-9A1E7A4F7556}") = "ExhaustiveSimulator", "ExhaustiveSimulator\ExhaustiveSimulator.csproj", "{762B3D54-BD65-4467-9D89-63BFFCB01F96}"
EndProject
Project("{9A19103F-16F7-4668-BE54-9A1E7A4F7556}") = "OmahaSim", "OmahaSim\OmahaSim.csproj", "{CBDEFC85-7E86-42EB-ACA6-D4807592C333}"
EndProject
Project("{9A19103F-16F7-4668-BE54-9A1E7A4F7556}") = "BerldPokerCalculator", "BerldPokerCalculator\BerldPokerCalculator.csproj", "{CF1B2094-16D3-4FC6-8801-27C19C0CFBF3}"
EndProject
Project("{FAE04EC0-301F-11D3-BF4B-00C04F79EFBC}") = "ConsoleTestApp", "ConsoleTestApp\ConsoleTestApp.csproj", "{71DEB271-FFE0-419F-95E8-20AFA494DB53}"
EndProject
Global
	GlobalSection(SolutionConfigurationPlatforms) = preSolution
		Debug|Any CPU = Debug|Any CPU
		Release|Any CPU = Release|Any CPU
	EndGlobalSection
	GlobalSection(ProjectConfigurationPlatforms) = postSolution
		{C7D172AA-F30B-4234-BB38-27C3CC212F1C}.Debug|Any CPU.ActiveCfg = Debug|Any CPU
		{C7D172AA-F30B-4234-BB38-27C3CC212F1C}.Debug|Any CPU.Build.0 = Debug|Any CPU
		{C7D172AA-F30B-4234-BB38-27C3CC212F1C}.Release|Any CPU.ActiveCfg = Release|Any CPU
		{C7D172AA-F30B-4234-BB38-27C3CC212F1C}.Release|Any CPU.Build.0 = Release|Any CPU
		{762B3D54-BD65-4467-9D89-63BFFCB01F96}.Debug|Any CPU.ActiveCfg = Debug|Any CPU
		{762B3D54-BD65-4467-9D89-63BFFCB01F96}.Debug|Any CPU.Build.0 = Debug|Any CPU
		{762B3D54-BD65-4467-9D89-63BFFCB01F96}.Release|Any CPU.ActiveCfg = Release|Any CPU
		{762B3D54-BD65-4467-9D89-63BFFCB01F96}.Release|Any CPU.Build.0 = Release|Any CPU
		{CBDEFC85-7E86-42EB-ACA6-D4807592C333}.Debug|Any CPU.ActiveCfg = Debug|Any CPU
		{CBDEFC85-7E86-42EB-ACA6-D4807592C333}.Debug|Any CPU.Build.0 = Debug|Any CPU
		{CBDEFC85-7E86-42EB-ACA6-D4807592C333}.Release|Any CPU.ActiveCfg = Release|Any CPU
		{CBDEFC85-7E86-42EB-ACA6-D4807592C333}.Release|Any CPU.Build.0 = Release|Any CPU
		{CF1B2094-16D3-4FC6-8801-27C19C0CFBF3}.Debug|Any CPU.ActiveCfg = Debug|Any CPU
		{CF1B2094-16D3-4FC6-8801-27C19C0CFBF3}.Debug|Any CPU.Build.0 = Debug|Any CPU
		{CF1B2094-16D3-4FC6-8801-27C19C0CFBF3}.Release|Any CPU.ActiveCfg = Release|Any CPU
		{CF1B2094-16D3-4FC6-8801-27C19C0CFBF3}.Release|Any CPU.Build.0 = Release|Any CPU
		{71DEB271-FFE0-419F-95E8-20AFA494DB53}.Debug|Any CPU.ActiveCfg = Debug|Any CPU
		{71DEB271-FFE0-419F-95E8-20AFA494DB53}.Debug|Any CPU.Build.0 = Debug|Any CPU
		{71DEB271-FFE0-419F-95E8-20AFA494DB53}.Release|Any CPU.ActiveCfg = Release|Any CPU
		{71DEB271-FFE0-419F-95E8-20AFA494DB53}.Release|Any CPU.Build.0 = Release|Any CPU
	EndGlobalSection
	GlobalSection(SolutionProperties) = preSolution
		HideSolutionNode = FALSE
	EndGlobalSection
	GlobalSection(ExtensibilityGlobals) = postSolution
		SolutionGuid = {2B7C8DFC-BE4E-4994-872D-EB62B8ADEF88}
	EndGlobalSection
EndGlobal
